
Microsoft Visual Studio Solution File, Format Version 12.00
# Visual Studio Version 17
VisualStudioVersion = 17.7.34202.233
MinimumVisualStudioVersion = 10.0.40219.1
Project("{8BC9CEB8-8B4A-11D0-8D11-00A0C91BC942}") = "23.10.20", "23.10.20\23.10.20.vcxproj", "{97546AFA-C8DA-41CB-8943-811716644FE1}"
EndProject
Global
	GlobalSection(SolutionConfigurationPlatforms) = preSolution
		Debug|x64 = Debug|x64
		Debug|x86 = Debug|x86
		Release|x64 = Release|x64
		Release|x86 = Release|x86
	EndGlobalSection
	GlobalSection(ProjectConfigurationPlatforms) = postSolution
		{97546AFA-C8DA-41CB-8943-811716644FE1}.Debug|x64.ActiveCfg = Debug|x64
		{97546AFA-C8DA-41CB-8943-811716644FE1}.Debug|x64.Build.0 = Debug|x64
		{97546AFA-C8DA-41CB-8943-811716644FE1}.Debug|x86.ActiveCfg = Debug|Win32
		{97546AFA-C8DA-41CB-8943-811716644FE1}.Debug|x86.Build.0 = Debug|Win32
		{97546AFA-C8DA-41CB-8943-811716644FE1}.Release|x64.ActiveCfg = Release|x64
		{97546AFA-C8DA-41CB-8943-811716644FE1}.Release|x64.Build.0 = Release|x64
		{97546AFA-C8DA-41CB-8943-811716644FE1}.Release|x86.ActiveCfg = Release|Win32
		{97546AFA-C8DA-41CB-8943-811716644FE1}.Release|x86.Build.0 = Release|Win32
	EndGlobalSection
	GlobalSection(SolutionProperties) = preSolution
		HideSolutionNode = FALSE
	EndGlobalSection
	GlobalSection(ExtensibilityGlobals) = postSolution
		SolutionGuid = {383415C0-7151-40B4-8A10-091AB952DBD2}
	EndGlobalSection
EndGlobal
