
Microsoft Visual Studio Solution File, Format Version 12.00
# Visual Studio Version 17
VisualStudioVersion = 17.7.34221.43
MinimumVisualStudioVersion = 10.0.40219.1
Project("{8BC9CEB8-8B4A-11D0-8D11-00A0C91BC942}") = "23.11.6  how return an array in a function", "23.11.6  how return an array in a function\23.11.6  how return an array in a function.vcxproj", "{9D617533-45E9-455A-A9C0-D4E7271C942B}"
EndProject
Global
	GlobalSection(SolutionConfigurationPlatforms) = preSolution
		Debug|x64 = Debug|x64
		Debug|x86 = Debug|x86
		Release|x64 = Release|x64
		Release|x86 = Release|x86
	EndGlobalSection
	GlobalSection(ProjectConfigurationPlatforms) = postSolution
		{9D617533-45E9-455A-A9C0-D4E7271C942B}.Debug|x64.ActiveCfg = Debug|x64
		{9D617533-45E9-455A-A9C0-D4E7271C942B}.Debug|x64.Build.0 = Debug|x64
		{9D617533-45E9-455A-A9C0-D4E7271C942B}.Debug|x86.ActiveCfg = Debug|Win32
		{9D617533-45E9-455A-A9C0-D4E7271C942B}.Debug|x86.Build.0 = Debug|Win32
		{9D617533-45E9-455A-A9C0-D4E7271C942B}.Release|x64.ActiveCfg = Release|x64
		{9D617533-45E9-455A-A9C0-D4E7271C942B}.Release|x64.Build.0 = Release|x64
		{9D617533-45E9-455A-A9C0-D4E7271C942B}.Release|x86.ActiveCfg = Release|Win32
		{9D617533-45E9-455A-A9C0-D4E7271C942B}.Release|x86.Build.0 = Release|Win32
	EndGlobalSection
	GlobalSection(SolutionProperties) = preSolution
		HideSolutionNode = FALSE
	EndGlobalSection
	GlobalSection(ExtensibilityGlobals) = postSolution
		SolutionGuid = {77581600-8799-4CBD-BB8E-E47BD2D9CED5}
	EndGlobalSection
EndGlobal
